// !$*UTF8*$!
{
	archiveVersion = 1;
	classes = {
	};
	objectVersion = 48;
	objects = {

/* Begin PBXBuildFile section */
		075CDE42228480B600079B6D /* ShopperTests.swift in Sources */ = {isa = PBXBuildFile; fileRef = 075CDE41228480B600079B6D /* ShopperTests.swift */; };
		075CDE4A2284815A00079B6D /* Wage.swift in Sources */ = {isa = PBXBuildFile; fileRef = 075CDE492284815A00079B6D /* Wage.swift */; };
		075CDE4B2284815A00079B6D /* Wage.swift in Sources */ = {isa = PBXBuildFile; fileRef = 075CDE492284815A00079B6D /* Wage.swift */; };
		07C7262B225EC87000243CB3 /* AppDelegate.swift in Sources */ = {isa = PBXBuildFile; fileRef = 07C7262A225EC87000243CB3 /* AppDelegate.swift */; };
		07C7262D225EC87000243CB3 /* MainVC.swift in Sources */ = {isa = PBXBuildFile; fileRef = 07C7262C225EC87000243CB3 /* MainVC.swift */; };
		07C72630225EC87000243CB3 /* Main.storyboard in Resources */ = {isa = PBXBuildFile; fileRef = 07C7262E225EC87000243CB3 /* Main.storyboard */; };
		07C72632225EC87000243CB3 /* Assets.xcassets in Resources */ = {isa = PBXBuildFile; fileRef = 07C72631225EC87000243CB3 /* Assets.xcassets */; };
		07C72635225EC87000243CB3 /* LaunchScreen.storyboard in Resources */ = {isa = PBXBuildFile; fileRef = 07C72633225EC87000243CB3 /* LaunchScreen.storyboard */; };
		07C726422282FB5100243CB3 /* CurrencyTextField.swift in Sources */ = {isa = PBXBuildFile; fileRef = 07C726412282FB5100243CB3 /* CurrencyTextField.swift */; };
/* End PBXBuildFile section */

/* Begin PBXContainerItemProxy section */
		075CDE44228480B600079B6D /* PBXContainerItemProxy */ = {
			isa = PBXContainerItemProxy;
			containerPortal = 07C7261F225EC87000243CB3 /* Project object */;
			proxyType = 1;
			remoteGlobalIDString = 07C72626225EC87000243CB3;
			remoteInfo = Shopper;
		};
/* End PBXContainerItemProxy section */

/* Begin PBXFileReference section */
		075CDE3F228480B600079B6D /* ShopperTests.xctest */ = {isa = PBXFileReference; explicitFileType = wrapper.cfbundle; includeInIndex = 0; path = ShopperTests.xctest; sourceTree = BUILT_PRODUCTS_DIR; };
		075CDE41228480B600079B6D /* ShopperTests.swift */ = {isa = PBXFileReference; lastKnownFileType = sourcecode.swift; path = ShopperTests.swift; sourceTree = "<group>"; };
		075CDE43228480B600079B6D /* Info.plist */ = {isa = PBXFileReference; lastKnownFileType = text.plist.xml; path = Info.plist; sourceTree = "<group>"; };
		075CDE492284815A00079B6D /* Wage.swift */ = {isa = PBXFileReference; lastKnownFileType = sourcecode.swift; path = Wage.swift; sourceTree = "<group>"; };
		07C72627225EC87000243CB3 /* Shopper.app */ = {isa = PBXFileReference; explicitFileType = wrapper.application; includeInIndex = 0; path = Shopper.app; sourceTree = BUILT_PRODUCTS_DIR; };
		07C7262A225EC87000243CB3 /* AppDelegate.swift */ = {isa = PBXFileReference; lastKnownFileType = sourcecode.swift; path = AppDelegate.swift; sourceTree = "<group>"; };
		07C7262C225EC87000243CB3 /* MainVC.swift */ = {isa = PBXFileReference; lastKnownFileType = sourcecode.swift; path = MainVC.swift; sourceTree = "<group>"; };
		07C7262F225EC87000243CB3 /* Base */ = {isa = PBXFileReference; lastKnownFileType = file.storyboard; name = Base; path = Base.lproj/Main.storyboard; sourceTree = "<group>"; };
		07C72631225EC87000243CB3 /* Assets.xcassets */ = {isa = PBXFileReference; lastKnownFileType = folder.assetcatalog; path = Assets.xcassets; sourceTree = "<group>"; };
		07C72634225EC87000243CB3 /* Base */ = {isa = PBXFileReference; lastKnownFileType = file.storyboard; name = Base; path = Base.lproj/LaunchScreen.storyboard; sourceTree = "<group>"; };
		07C72636225EC87000243CB3 /* Info.plist */ = {isa = PBXFileReference; lastKnownFileType = text.plist.xml; path = Info.plist; sourceTree = "<group>"; };
		07C726412282FB5100243CB3 /* CurrencyTextField.swift */ = {isa = PBXFileReference; lastKnownFileType = sourcecode.swift; path = CurrencyTextField.swift; sourceTree = "<group>"; };
/* End PBXFileReference section */

/* Begin PBXFrameworksBuildPhase section */
		075CDE3C228480B600079B6D /* Frameworks */ = {
			isa = PBXFrameworksBuildPhase;
			buildActionMask = 2147483647;
			files = (
			);
			runOnlyForDeploymentPostprocessing = 0;
		};
		07C72624225EC87000243CB3 /* Frameworks */ = {
			isa = PBXFrameworksBuildPhase;
			buildActionMask = 2147483647;
			files = (
			);
			runOnlyForDeploymentPostprocessing = 0;
		};
/* End PBXFrameworksBuildPhase section */

/* Begin PBXGroup section */
		075CDE40228480B600079B6D /* ShopperTests */ = {
			isa = PBXGroup;
			children = (
				075CDE41228480B600079B6D /* ShopperTests.swift */,
				075CDE43228480B600079B6D /* Info.plist */,
			);
			path = ShopperTests;
			sourceTree = "<group>";
		};
		07C7261E225EC87000243CB3 = {
			isa = PBXGroup;
			children = (
				07C72629225EC87000243CB3 /* Shopper */,
				075CDE40228480B600079B6D /* ShopperTests */,
				07C72628225EC87000243CB3 /* Products */,
			);
			sourceTree = "<group>";
		};
		07C72628225EC87000243CB3 /* Products */ = {
			isa = PBXGroup;
			children = (
				07C72627225EC87000243CB3 /* Shopper.app */,
				075CDE3F228480B600079B6D /* ShopperTests.xctest */,
			);
			name = Products;
			sourceTree = "<group>";
		};
		07C72629225EC87000243CB3 /* Shopper */ = {
			isa = PBXGroup;
			children = (
				07C7262A225EC87000243CB3 /* AppDelegate.swift */,
				07C7263D225EC9AB00243CB3 /* View */,
				07C7263C225EC99200243CB3 /* Model */,
				07C7263E225EC9B200243CB3 /* Controller */,
				07C7262E225EC87000243CB3 /* Main.storyboard */,
				07C72631225EC87000243CB3 /* Assets.xcassets */,
				07C72633225EC87000243CB3 /* LaunchScreen.storyboard */,
				07C72636225EC87000243CB3 /* Info.plist */,
			);
			path = Shopper;
			sourceTree = "<group>";
		};
		07C7263C225EC99200243CB3 /* Model */ = {
			isa = PBXGroup;
			children = (
				075CDE492284815A00079B6D /* Wage.swift */,
			);
			path = Model;
			sourceTree = "<group>";
		};
		07C7263D225EC9AB00243CB3 /* View */ = {
			isa = PBXGroup;
			children = (
				07C726412282FB5100243CB3 /* CurrencyTextField.swift */,
			);
			path = View;
			sourceTree = "<group>";
		};
		07C7263E225EC9B200243CB3 /* Controller */ = {
			isa = PBXGroup;
			children = (
				07C7262C225EC87000243CB3 /* MainVC.swift */,
			);
			path = Controller;
			sourceTree = "<group>";
		};
/* End PBXGroup section */

/* Begin PBXNativeTarget section */
		075CDE3E228480B600079B6D /* ShopperTests */ = {
			isa = PBXNativeTarget;
			buildConfigurationList = 075CDE46228480B600079B6D /* Build configuration list for PBXNativeTarget "ShopperTests" */;
			buildPhases = (
				075CDE3B228480B600079B6D /* Sources */,
				075CDE3C228480B600079B6D /* Frameworks */,
				075CDE3D228480B600079B6D /* Resources */,
			);
			buildRules = (
			);
			dependencies = (
				075CDE45228480B600079B6D /* PBXTargetDependency */,
			);
			name = ShopperTests;
			productName = ShopperTests;
			productReference = 075CDE3F228480B600079B6D /* ShopperTests.xctest */;
			productType = "com.apple.product-type.bundle.unit-test";
		};
		07C72626225EC87000243CB3 /* Shopper */ = {
			isa = PBXNativeTarget;
			buildConfigurationList = 07C72639225EC87000243CB3 /* Build configuration list for PBXNativeTarget "Shopper" */;
			buildPhases = (
				07C72623225EC87000243CB3 /* Sources */,
				07C72624225EC87000243CB3 /* Frameworks */,
				07C72625225EC87000243CB3 /* Resources */,
			);
			buildRules = (
			);
			dependencies = (
			);
			name = Shopper;
			productName = Shopper;
			productReference = 07C72627225EC87000243CB3 /* Shopper.app */;
			productType = "com.apple.product-type.application";
		};
/* End PBXNativeTarget section */

/* Begin PBXProject section */
		07C7261F225EC87000243CB3 /* Project object */ = {
			isa = PBXProject;
			attributes = {
				LastSwiftUpdateCheck = 0920;
				LastUpgradeCheck = 0920;
				ORGANIZATIONNAME = Omar;
				TargetAttributes = {
					075CDE3E228480B600079B6D = {
						CreatedOnToolsVersion = 9.2;
						ProvisioningStyle = Automatic;
						TestTargetID = 07C72626225EC87000243CB3;
					};
					07C72626225EC87000243CB3 = {
						CreatedOnToolsVersion = 9.2;
						ProvisioningStyle = Automatic;
					};
				};
			};
			buildConfigurationList = 07C72622225EC87000243CB3 /* Build configuration list for PBXProject "Shopper" */;
			compatibilityVersion = "Xcode 8.0";
			developmentRegion = en;
			hasScannedForEncodings = 0;
			knownRegions = (
				en,
				Base,
			);
			mainGroup = 07C7261E225EC87000243CB3;
			productRefGroup = 07C72628225EC87000243CB3 /* Products */;
			projectDirPath = "";
			projectRoot = "";
			targets = (
				07C72626225EC87000243CB3 /* Shopper */,
				075CDE3E228480B600079B6D /* ShopperTests */,
			);
		};
/* End PBXProject section */

/* Begin PBXResourcesBuildPhase section */
		075CDE3D228480B600079B6D /* Resources */ = {
			isa = PBXResourcesBuildPhase;
			buildActionMask = 2147483647;
			files = (
			);
			runOnlyForDeploymentPostprocessing = 0;
		};
		07C72625225EC87000243CB3 /* Resources */ = {
			isa = PBXResourcesBuildPhase;
			buildActionMask = 2147483647;
			files = (
				07C72635225EC87000243CB3 /* LaunchScreen.storyboard in Resources */,
				07C72632225EC87000243CB3 /* Assets.xcassets in Resources */,
				07C72630225EC87000243CB3 /* Main.storyboard in Resources */,
			);
			runOnlyForDeploymentPostprocessing = 0;
		};
/* End PBXResourcesBuildPhase section */

/* Begin PBXSourcesBuildPhase section */
		075CDE3B228480B600079B6D /* Sources */ = {
			isa = PBXSourcesBuildPhase;
			buildActionMask = 2147483647;
			files = (
				075CDE42228480B600079B6D /* ShopperTests.swift in Sources */,
				075CDE4B2284815A00079B6D /* Wage.swift in Sources */,
			);
			runOnlyForDeploymentPostprocessing = 0;
		};
		07C72623225EC87000243CB3 /* Sources */ = {
			isa = PBXSourcesBuildPhase;
			buildActionMask = 2147483647;
			files = (
				07C726422282FB5100243CB3 /* CurrencyTextField.swift in Sources */,
				075CDE4A2284815A00079B6D /* Wage.swift in Sources */,
				07C7262D225EC87000243CB3 /* MainVC.swift in Sources */,
				07C7262B225EC87000243CB3 /* AppDelegate.swift in Sources */,
			);
			runOnlyForDeploymentPostprocessing = 0;
		};
/* End PBXSourcesBuildPhase section */

/* Begin PBXTargetDependency section */
		075CDE45228480B600079B6D /* PBXTargetDependency */ = {
			isa = PBXTargetDependency;
			target = 07C72626225EC87000243CB3 /* Shopper */;
			targetProxy = 075CDE44228480B600079B6D /* PBXContainerItemProxy */;
		};
/* End PBXTargetDependency section */

/* Begin PBXVariantGroup section */
		07C7262E225EC87000243CB3 /* Main.storyboard */ = {
			isa = PBXVariantGroup;
			children = (
				07C7262F225EC87000243CB3 /* Base */,
			);
			name = Main.storyboard;
			sourceTree = "<group>";
		};
		07C72633225EC87000243CB3 /* LaunchScreen.storyboard */ = {
			isa = PBXVariantGroup;
			children = (
				07C72634225EC87000243CB3 /* Base */,
			);
			name = LaunchScreen.storyboard;
			sourceTree = "<group>";
		};
/* End PBXVariantGroup section */

/* Begin XCBuildConfiguration section */
		075CDE47228480B600079B6D /* Debug */ = {
			isa = XCBuildConfiguration;
			buildSettings = {
				BUNDLE_LOADER = "$(TEST_HOST)";
				CODE_SIGN_STYLE = Automatic;
				INFOPLIST_FILE = ShopperTests/Info.plist;
				LD_RUNPATH_SEARCH_PATHS = "$(inherited) @executable_path/Frameworks @loader_path/Frameworks";
				PRODUCT_BUNDLE_IDENTIFIER = Omar.ShopperTests;
				PRODUCT_NAME = "$(TARGET_NAME)";
				SWIFT_VERSION = 4.0;
				TARGETED_DEVICE_FAMILY = "1,2";
				TEST_HOST = "$(BUILT_PRODUCTS_DIR)/Shopper.app/Shopper";
			};
			name = Debug;
		};
		075CDE48228480B600079B6D /* Release */ = {
			isa = XCBuildConfiguration;
			buildSettings = {
				BUNDLE_LOADER = "$(TEST_HOST)";
				CODE_SIGN_STYLE = Automatic;
				INFOPLIST_FILE = ShopperTests/Info.plist;
				LD_RUNPATH_SEARCH_PATHS = "$(inherited) @executable_path/Frameworks @loader_path/Frameworks";
				PRODUCT_BUNDLE_IDENTIFIER = Omar.ShopperTests;
				PRODUCT_NAME = "$(TARGET_NAME)";
				SWIFT_VERSION = 4.0;
				TARGETED_DEVICE_FAMILY = "1,2";
				TEST_HOST = "$(BUILT_PRODUCTS_DIR)/Shopper.app/Shopper";
			};
			name = Release;
		};
		07C72637225EC87000243CB3 /* Debug */ = {
			isa = XCBuildConfiguration;
			buildSettings = {
				ALWAYS_SEARCH_USER_PATHS = NO;
				CLANG_ANALYZER_NONNULL = YES;
				CLANG_ANALYZER_NUMBER_OBJECT_CONVERSION = YES_AGGRESSIVE;
				CLANG_CXX_LANGUAGE_STANDARD = "gnu++14";
				CLANG_CXX_LIBRARY = "libc++";
				CLANG_ENABLE_MODULES = YES;
				CLANG_ENABLE_OBJC_ARC = YES;
				CLANG_WARN_BLOCK_CAPTURE_AUTORELEASING = YES;
				CLANG_WARN_BOOL_CONVERSION = YES;
				CLANG_WARN_COMMA = YES;
				CLANG_WARN_CONSTANT_CONVERSION = YES;
				CLANG_WARN_DIRECT_OBJC_ISA_USAGE = YES_ERROR;
				CLANG_WARN_DOCUMENTATION_COMMENTS = YES;
				CLANG_WARN_EMPTY_BODY = YES;
				CLANG_WARN_ENUM_CONVERSION = YES;
				CLANG_WARN_INFINITE_RECURSION = YES;
				CLANG_WARN_INT_CONVERSION = YES;
				CLANG_WARN_NON_LITERAL_NULL_CONVERSION = YES;
				CLANG_WARN_OBJC_LITERAL_CONVERSION = YES;
				CLANG_WARN_OBJC_ROOT_CLASS = YES_ERROR;
				CLANG_WARN_RANGE_LOOP_ANALYSIS = YES;
				CLANG_WARN_STRICT_PROTOTYPES = YES;
				CLANG_WARN_SUSPICIOUS_MOVE = YES;
				CLANG_WARN_UNGUARDED_AVAILABILITY = YES_AGGRESSIVE;
				CLANG_WARN_UNREACHABLE_CODE = YES;
				CLANG_WARN__DUPLICATE_METHOD_MATCH = YES;
				CODE_SIGN_IDENTITY = "iPhone Developer";
				COPY_PHASE_STRIP = NO;
				DEBUG_INFORMATION_FORMAT = dwarf;
				ENABLE_STRICT_OBJC_MSGSEND = YES;
				ENABLE_TESTABILITY = YES;
				GCC_C_LANGUAGE_STANDARD = gnu11;
				GCC_DYNAMIC_NO_PIC = NO;
				GCC_NO_COMMON_BLOCKS = YES;
				GCC_OPTIMIZATION_LEVEL = 0;
				GCC_PREPROCESSOR_DEFINITIONS = (
					"DEBUG=1",
					"$(inherited)",
				);
				GCC_WARN_64_TO_32_BIT_CONVERSION = YES;
				GCC_WARN_ABOUT_RETURN_TYPE = YES_ERROR;
				GCC_WARN_UNDECLARED_SELECTOR = YES;
				GCC_WARN_UNINITIALIZED_AUTOS = YES_AGGRESSIVE;
				GCC_WARN_UNUSED_FUNCTION = YES;
				GCC_WARN_UNUSED_VARIABLE = YES;
				IPHONEOS_DEPLOYMENT_TARGET = 11.2;
				MTL_ENABLE_DEBUG_INFO = YES;
				ONLY_ACTIVE_ARCH = YES;
				SDKROOT = iphoneos;
				SWIFT_ACTIVE_COMPILATION_CONDITIONS = DEBUG;
				SWIFT_OPTIMIZATION_LEVEL = "-Onone";
			};
			name = Debug;
		};
		07C72638225EC87000243CB3 /* Release */ = {
			isa = XCBuildConfiguration;
			buildSettings = {
				ALWAYS_SEARCH_USER_PATHS = NO;
				CLANG_ANALYZER_NONNULL = YES;
				CLANG_ANALYZER_NUMBER_OBJECT_CONVERSION = YES_AGGRESSIVE;
				CLANG_CXX_LANGUAGE_STANDARD = "gnu++14";
				CLANG_CXX_LIBRARY = "libc++";
				CLANG_ENABLE_MODULES = YES;
				CLANG_ENABLE_OBJC_ARC = YES;
				CLANG_WARN_BLOCK_CAPTURE_AUTORELEASING = YES;
				CLANG_WARN_BOOL_CONVERSION = YES;
				CLANG_WARN_COMMA = YES;
				CLANG_WARN_CONSTANT_CONVERSION = YES;
				CLANG_WARN_DIRECT_OBJC_ISA_USAGE = YES_ERROR;
				CLANG_WARN_DOCUMENTATION_COMMENTS = YES;
				CLANG_WARN_EMPTY_BODY = YES;
				CLANG_WARN_ENUM_CONVERSION = YES;
				CLANG_WARN_INFINITE_RECURSION = YES;
				CLANG_WARN_INT_CONVERSION = YES;
				CLANG_WARN_NON_LITERAL_NULL_CONVERSION = YES;
				CLANG_WARN_OBJC_LITERAL_CONVERSION = YES;
				CLANG_WARN_OBJC_ROOT_CLASS = YES_ERROR;
				CLANG_WARN_RANGE_LOOP_ANALYSIS = YES;
				CLANG_WARN_STRICT_PROTOTYPES = YES;
				CLANG_WARN_SUSPICIOUS_MOVE = YES;
				CLANG_WARN_UNGUARDED_AVAILABILITY = YES_AGGRESSIVE;
				CLANG_WARN_UNREACHABLE_CODE = YES;
				CLANG_WARN__DUPLICATE_METHOD_MATCH = YES;
				CODE_SIGN_IDENTITY = "iPhone Developer";
				COPY_PHASE_STRIP = NO;
				DEBUG_INFORMATION_FORMAT = "dwarf-with-dsym";
				ENABLE_NS_ASSERTIONS = NO;
				ENABLE_STRICT_OBJC_MSGSEND = YES;
				GCC_C_LANGUAGE_STANDARD = gnu11;
				GCC_NO_COMMON_BLOCKS = YES;
				GCC_WARN_64_TO_32_BIT_CONVERSION = YES;
				GCC_WARN_ABOUT_RETURN_TYPE = YES_ERROR;
				GCC_WARN_UNDECLARED_SELECTOR = YES;
				GCC_WARN_UNINITIALIZED_AUTOS = YES_AGGRESSIVE;
				GCC_WARN_UNUSED_FUNCTION = YES;
				GCC_WARN_UNUSED_VARIABLE = YES;
				IPHONEOS_DEPLOYMENT_TARGET = 11.2;
				MTL_ENABLE_DEBUG_INFO = NO;
				SDKROOT = iphoneos;
				SWIFT_OPTIMIZATION_LEVEL = "-Owholemodule";
				VALIDATE_PRODUCT = YES;
			};
			name = Release;
		};
		07C7263A225EC87000243CB3 /* Debug */ = {
			isa = XCBuildConfiguration;
			buildSettings = {
				ALWAYS_EMBED_SWIFT_STANDARD_LIBRARIES = YES;
				ASSETCATALOG_COMPILER_APPICON_NAME = AppIcon;
				CODE_SIGN_STYLE = Automatic;
				INFOPLIST_FILE = Shopper/Info.plist;
				LD_RUNPATH_SEARCH_PATHS = "$(inherited) @executable_path/Frameworks";
				PRODUCT_BUNDLE_IDENTIFIER = Omar.Shopper;
				PRODUCT_NAME = "$(TARGET_NAME)";
				SWIFT_VERSION = 4.0;
				TARGETED_DEVICE_FAMILY = "1,2";
			};
			name = Debug;
		};
		07C7263B225EC87000243CB3 /* Release */ = {
			isa = XCBuildConfiguration;
			buildSettings = {
				ALWAYS_EMBED_SWIFT_STANDARD_LIBRARIES = YES;
				ASSETCATALOG_COMPILER_APPICON_NAME = AppIcon;
				CODE_SIGN_STYLE = Automatic;
				INFOPLIST_FILE = Shopper/Info.plist;
				LD_RUNPATH_SEARCH_PATHS = "$(inherited) @executable_path/Frameworks";
				PRODUCT_BUNDLE_IDENTIFIER = Omar.Shopper;
				PRODUCT_NAME = "$(TARGET_NAME)";
				SWIFT_VERSION = 4.0;
				TARGETED_DEVICE_FAMILY = "1,2";
			};
			name = Release;
		};
/* End XCBuildConfiguration section */

/* Begin XCConfigurationList section */
		075CDE46228480B600079B6D /* Build configuration list for PBXNativeTarget "ShopperTests" */ = {
			isa = XCConfigurationList;
			buildConfigurations = (
				075CDE47228480B600079B6D /* Debug */,
				075CDE48228480B600079B6D /* Release */,
			);
			defaultConfigurationIsVisible = 0;
			defaultConfigurationName = Release;
		};
		07C72622225EC87000243CB3 /* Build configuration list for PBXProject "Shopper" */ = {
			isa = XCConfigurationList;
			buildConfigurations = (
				07C72637225EC87000243CB3 /* Debug */,
				07C72638225EC87000243CB3 /* Release */,
			);
			defaultConfigurationIsVisible = 0;
			defaultConfigurationName = Release;
		};
		07C72639225EC87000243CB3 /* Build configuration list for PBXNativeTarget "Shopper" */ = {
			isa = XCConfigurationList;
			buildConfigurations = (
				07C7263A225EC87000243CB3 /* Debug */,
				07C7263B225EC87000243CB3 /* Release */,
			);
			defaultConfigurationIsVisible = 0;
			defaultConfigurationName = Release;
		};
/* End XCConfigurationList section */
	};
	rootObject = 07C7261F225EC87000243CB3 /* Project object */;
}
